
Microsoft Visual Studio Solution File, Format Version 12.00
# Visual Studio Version 17
VisualStudioVersion = 17.6.33815.320
MinimumVisualStudioVersion = 10.0.40219.1
Project("{FAE04EC0-301F-11D3-BF4B-00C04F79EFBC}") = "CallerID 6.3", "CallerID 6.3.csproj", "{554DE317-3868-488C-A2BD-FB726DB8AF1D}"
EndProject
Global
	GlobalSection(SolutionConfigurationPlatforms) = preSolution
		Debug|Any CPU = Debug|Any CPU
		Release|Any CPU = Release|Any CPU
	EndGlobalSection
	GlobalSection(ProjectConfigurationPlatforms) = postSolution
		{554DE317-3868-488C-A2BD-FB726DB8AF1D}.Debug|Any CPU.ActiveCfg = Debug|Any CPU
		{554DE317-3868-488C-A2BD-FB726DB8AF1D}.Debug|Any CPU.Build.0 = Debug|Any CPU
		{554DE317-3868-488C-A2BD-FB726DB8AF1D}.Release|Any CPU.ActiveCfg = Release|Any CPU
		{554DE317-3868-488C-A2BD-FB726DB8AF1D}.Release|Any CPU.Build.0 = Release|Any CPU
	EndGlobalSection
	GlobalSection(SolutionProperties) = preSolution
		HideSolutionNode = FALSE
	EndGlobalSection
	GlobalSection(ExtensibilityGlobals) = postSolution
		SolutionGuid = {951652DE-38F9-4406-BE81-031429B7EF0A}
	EndGlobalSection
EndGlobal
